# This file is automatically @generated by Wally.
# It is not intended for manual editing.
registry = "test"

[[package]]
name = "lm-loleris/profilestore"
version = "1.0.3"
dependencies = []

[[package]]
name = "rajden28/suphi-packet-main"
version = "1.7.1"
dependencies = []

[[package]]
name = "sleitnick/input"
version = "3.0.0"
dependencies = [["Signal", "sleitnick/signal@2.0.3"], ["Trove", "sleitnick/trove@1.8.0"]]

[[package]]
name = "sleitnick/loader"
version = "2.0.0"
dependencies = []

[[package]]
name = "sleitnick/log"
version = "0.1.2"
dependencies = []

[[package]]
name = "sleitnick/shake"
version = "1.1.0"
dependencies = []

[[package]]
name = "sleitnick/signal"
version = "2.0.3"
dependencies = []

[[package]]
name = "sleitnick/spring"
version = "1.0.0"
dependencies = []

[[package]]
name = "sleitnick/table-util"
version = "1.2.1"
dependencies = []

[[package]]
name = "sleitnick/timer"
version = "2.0.0"
dependencies = [["Signal", "sleitnick/signal@2.0.3"]]

[[package]]
name = "sleitnick/trove"
version = "1.8.0"
dependencies = []

[[package]]
name = "steviegoodman/unnamed-project"
version = "1.0.0"
dependencies = [["Input", "sleitnick/input@3.0.0"], ["Loader", "sleitnick/loader@2.0.0"], ["Log", "sleitnick/log@0.1.2"], ["Packet", "rajden28/suphi-packet-main@1.7.1"], ["Shake", "sleitnick/shake@1.1.0"], ["Signal", "sleitnick/signal@2.0.3"], ["Spring", "sleitnick/spring@1.0.0"], ["TableUtil", "sleitnick/table-util@1.2.1"], ["Timer", "sleitnick/timer@2.0.0"], ["Trove", "sleitnick/trove@1.8.0"], ["ProfileStore", "lm-loleris/profilestore@1.0.3"]]
